
Microsoft Visual Studio Solution File, Format Version 12.00
# Visual Studio 15
VisualStudioVersion = 15.0.28010.2048
MinimumVisualStudioVersion = 10.0.40219.1
Project("{FAE04EC0-301F-11D3-BF4B-00C04F79EFBC}") = "窗体通讯", "委托\窗体通讯.csproj", "{998BF0C9-F501-4859-B717-638FE57AB300}"
EndProject
Global
	GlobalSection(SolutionConfigurationPlatforms) = preSolution
		Debug|Any CPU = Debug|Any CPU
		Release|Any CPU = Release|Any CPU
	EndGlobalSection
	GlobalSection(ProjectConfigurationPlatforms) = postSolution
		{998BF0C9-F501-4859-B717-638FE57AB300}.Debug|Any CPU.ActiveCfg = Debug|Any CPU
		{998BF0C9-F501-4859-B717-638FE57AB300}.Debug|Any CPU.Build.0 = Debug|Any CPU
		{998BF0C9-F501-4859-B717-638FE57AB300}.Release|Any CPU.ActiveCfg = Release|Any CPU
		{998BF0C9-F501-4859-B717-638FE57AB300}.Release|Any CPU.Build.0 = Release|Any CPU
	EndGlobalSection
	GlobalSection(SolutionProperties) = preSolution
		HideSolutionNode = FALSE
	EndGlobalSection
	GlobalSection(ExtensibilityGlobals) = postSolution
		SolutionGuid = {0A8CCF65-D49B-425E-B644-C584E57A4552}
	EndGlobalSection
EndGlobal
