
Microsoft Visual Studio Solution File, Format Version 12.00
# Visual Studio 15
VisualStudioVersion = 15.0.28010.2048
MinimumVisualStudioVersion = 10.0.40219.1
Project("{FAE04EC0-301F-11D3-BF4B-00C04F79EFBC}") = "窗体通讯", "委托\窗体通讯.csproj", "{998BF0C9-F501-4859-B717-638FE57AB300}"
EndProject
Project("{FAE04EC0-301F-11D3-BF4B-00C04F79EFBC}") = "窗体通讯2", "窗体通讯@\窗体通讯2.csproj", "{2DB724AB-C3C0-4B85-ACA4-CD586BDBB01B}"
EndProject
Project("{FAE04EC0-301F-11D3-BF4B-00C04F79EFBC}") = "多窗体通讯", "多窗体通讯\多窗体通讯.csproj", "{89FCD0A7-07E5-4149-8B1D-4FDA8AED4654}"
EndProject
Project("{FAE04EC0-301F-11D3-BF4B-00C04F79EFBC}") = "异步通讯", "异步通讯\异步通讯.csproj", "{6CB2E91F-E83B-4ECD-8000-B0411A867F72}"
EndProject
Global
	GlobalSection(SolutionConfigurationPlatforms) = preSolution
		Debug|Any CPU = Debug|Any CPU
		Release|Any CPU = Release|Any CPU
	EndGlobalSection
	GlobalSection(ProjectConfigurationPlatforms) = postSolution
		{998BF0C9-F501-4859-B717-638FE57AB300}.Debug|Any CPU.ActiveCfg = Debug|Any CPU
		{998BF0C9-F501-4859-B717-638FE57AB300}.Debug|Any CPU.Build.0 = Debug|Any CPU
		{998BF0C9-F501-4859-B717-638FE57AB300}.Release|Any CPU.ActiveCfg = Release|Any CPU
		{998BF0C9-F501-4859-B717-638FE57AB300}.Release|Any CPU.Build.0 = Release|Any CPU
		{2DB724AB-C3C0-4B85-ACA4-CD586BDBB01B}.Debug|Any CPU.ActiveCfg = Debug|Any CPU
		{2DB724AB-C3C0-4B85-ACA4-CD586BDBB01B}.Debug|Any CPU.Build.0 = Debug|Any CPU
		{2DB724AB-C3C0-4B85-ACA4-CD586BDBB01B}.Release|Any CPU.ActiveCfg = Release|Any CPU
		{2DB724AB-C3C0-4B85-ACA4-CD586BDBB01B}.Release|Any CPU.Build.0 = Release|Any CPU
		{89FCD0A7-07E5-4149-8B1D-4FDA8AED4654}.Debug|Any CPU.ActiveCfg = Debug|Any CPU
		{89FCD0A7-07E5-4149-8B1D-4FDA8AED4654}.Debug|Any CPU.Build.0 = Debug|Any CPU
		{89FCD0A7-07E5-4149-8B1D-4FDA8AED4654}.Release|Any CPU.ActiveCfg = Release|Any CPU
		{89FCD0A7-07E5-4149-8B1D-4FDA8AED4654}.Release|Any CPU.Build.0 = Release|Any CPU
		{6CB2E91F-E83B-4ECD-8000-B0411A867F72}.Debug|Any CPU.ActiveCfg = Debug|Any CPU
		{6CB2E91F-E83B-4ECD-8000-B0411A867F72}.Debug|Any CPU.Build.0 = Debug|Any CPU
		{6CB2E91F-E83B-4ECD-8000-B0411A867F72}.Release|Any CPU.ActiveCfg = Release|Any CPU
		{6CB2E91F-E83B-4ECD-8000-B0411A867F72}.Release|Any CPU.Build.0 = Release|Any CPU
	EndGlobalSection
	GlobalSection(SolutionProperties) = preSolution
		HideSolutionNode = FALSE
	EndGlobalSection
	GlobalSection(ExtensibilityGlobals) = postSolution
		SolutionGuid = {0A8CCF65-D49B-425E-B644-C584E57A4552}
	EndGlobalSection
EndGlobal
